
Microsoft Visual Studio Solution File, Format Version 12.00
# Visual Studio 15
VisualStudioVersion = 15.0.27703.2042
MinimumVisualStudioVersion = 10.0.40219.1
Project("{FAE04EC0-301F-11D3-BF4B-00C04F79EFBC}") = "EJ01", "EJ01\EJ01.csproj", "{40500DCF-F38F-4F21-846E-B8594AF70491}"
EndProject
Project("{FAE04EC0-301F-11D3-BF4B-00C04F79EFBC}") = "EJ02", "EJ02\EJ02.csproj", "{9279ABD9-9D24-40E4-82D5-1F8A34DA52F2}"
EndProject
Global
	GlobalSection(SolutionConfigurationPlatforms) = preSolution
		Debug|Any CPU = Debug|Any CPU
		Release|Any CPU = Release|Any CPU
	EndGlobalSection
	GlobalSection(ProjectConfigurationPlatforms) = postSolution
		{40500DCF-F38F-4F21-846E-B8594AF70491}.Debug|Any CPU.ActiveCfg = Debug|Any CPU
		{40500DCF-F38F-4F21-846E-B8594AF70491}.Debug|Any CPU.Build.0 = Debug|Any CPU
		{40500DCF-F38F-4F21-846E-B8594AF70491}.Release|Any CPU.ActiveCfg = Release|Any CPU
		{40500DCF-F38F-4F21-846E-B8594AF70491}.Release|Any CPU.Build.0 = Release|Any CPU
		{9279ABD9-9D24-40E4-82D5-1F8A34DA52F2}.Debug|Any CPU.ActiveCfg = Debug|Any CPU
		{9279ABD9-9D24-40E4-82D5-1F8A34DA52F2}.Debug|Any CPU.Build.0 = Debug|Any CPU
		{9279ABD9-9D24-40E4-82D5-1F8A34DA52F2}.Release|Any CPU.ActiveCfg = Release|Any CPU
		{9279ABD9-9D24-40E4-82D5-1F8A34DA52F2}.Release|Any CPU.Build.0 = Release|Any CPU
	EndGlobalSection
	GlobalSection(SolutionProperties) = preSolution
		HideSolutionNode = FALSE
	EndGlobalSection
	GlobalSection(ExtensibilityGlobals) = postSolution
		SolutionGuid = {0313D568-027A-416C-8B3A-26795C999887}
	EndGlobalSection
EndGlobal
