
Microsoft Visual Studio Solution File, Format Version 12.00
# Visual Studio 15
VisualStudioVersion = 15.0.27703.2042
MinimumVisualStudioVersion = 10.0.40219.1
Project("{FAE04EC0-301F-11D3-BF4B-00C04F79EFBC}") = "EJ01", "EJ01\EJ01.csproj", "{40500DCF-F38F-4F21-846E-B8594AF70491}"
EndProject
Project("{FAE04EC0-301F-11D3-BF4B-00C04F79EFBC}") = "EJ02", "EJ02\EJ02.csproj", "{9279ABD9-9D24-40E4-82D5-1F8A34DA52F2}"
EndProject
Project("{FAE04EC0-301F-11D3-BF4B-00C04F79EFBC}") = "EJ03", "EJ03\EJ03.csproj", "{979E5BD4-3D83-43B9-99D8-8ED87A4194F5}"
EndProject
Project("{FAE04EC0-301F-11D3-BF4B-00C04F79EFBC}") = "TestRepositorioUsuarios", "TestRepositorioUsuarios\TestRepositorioUsuarios.csproj", "{E54A4AAB-7512-4D85-9AE0-F621F13EEBDE}"
EndProject
Project("{FAE04EC0-301F-11D3-BF4B-00C04F79EFBC}") = "EJ04", "EJ04\EJ04.csproj", "{2043D307-5FEC-4095-982C-21D1228C27EF}"
EndProject
Project("{FAE04EC0-301F-11D3-BF4B-00C04F79EFBC}") = "EJ05", "EJ05\EJ05.csproj", "{21278C0E-EFE5-43AB-BBEA-5C7DCDF67FC6}"
EndProject
Project("{FAE04EC0-301F-11D3-BF4B-00C04F79EFBC}") = "TestSolicitudPrestamos", "TestSolicitudPrestamos\TestSolicitudPrestamos.csproj", "{246D628F-90C0-43E7-A25A-EF88784B9D00}"
EndProject
Global
	GlobalSection(SolutionConfigurationPlatforms) = preSolution
		Debug|Any CPU = Debug|Any CPU
		Release|Any CPU = Release|Any CPU
	EndGlobalSection
	GlobalSection(ProjectConfigurationPlatforms) = postSolution
		{40500DCF-F38F-4F21-846E-B8594AF70491}.Debug|Any CPU.ActiveCfg = Debug|Any CPU
		{40500DCF-F38F-4F21-846E-B8594AF70491}.Debug|Any CPU.Build.0 = Debug|Any CPU
		{40500DCF-F38F-4F21-846E-B8594AF70491}.Release|Any CPU.ActiveCfg = Release|Any CPU
		{40500DCF-F38F-4F21-846E-B8594AF70491}.Release|Any CPU.Build.0 = Release|Any CPU
		{9279ABD9-9D24-40E4-82D5-1F8A34DA52F2}.Debug|Any CPU.ActiveCfg = Debug|Any CPU
		{9279ABD9-9D24-40E4-82D5-1F8A34DA52F2}.Debug|Any CPU.Build.0 = Debug|Any CPU
		{9279ABD9-9D24-40E4-82D5-1F8A34DA52F2}.Release|Any CPU.ActiveCfg = Release|Any CPU
		{9279ABD9-9D24-40E4-82D5-1F8A34DA52F2}.Release|Any CPU.Build.0 = Release|Any CPU
		{979E5BD4-3D83-43B9-99D8-8ED87A4194F5}.Debug|Any CPU.ActiveCfg = Debug|Any CPU
		{979E5BD4-3D83-43B9-99D8-8ED87A4194F5}.Debug|Any CPU.Build.0 = Debug|Any CPU
		{979E5BD4-3D83-43B9-99D8-8ED87A4194F5}.Release|Any CPU.ActiveCfg = Release|Any CPU
		{979E5BD4-3D83-43B9-99D8-8ED87A4194F5}.Release|Any CPU.Build.0 = Release|Any CPU
		{E54A4AAB-7512-4D85-9AE0-F621F13EEBDE}.Debug|Any CPU.ActiveCfg = Debug|Any CPU
		{E54A4AAB-7512-4D85-9AE0-F621F13EEBDE}.Debug|Any CPU.Build.0 = Debug|Any CPU
		{E54A4AAB-7512-4D85-9AE0-F621F13EEBDE}.Release|Any CPU.ActiveCfg = Release|Any CPU
		{E54A4AAB-7512-4D85-9AE0-F621F13EEBDE}.Release|Any CPU.Build.0 = Release|Any CPU
		{2043D307-5FEC-4095-982C-21D1228C27EF}.Debug|Any CPU.ActiveCfg = Debug|Any CPU
		{2043D307-5FEC-4095-982C-21D1228C27EF}.Debug|Any CPU.Build.0 = Debug|Any CPU
		{2043D307-5FEC-4095-982C-21D1228C27EF}.Release|Any CPU.ActiveCfg = Release|Any CPU
		{2043D307-5FEC-4095-982C-21D1228C27EF}.Release|Any CPU.Build.0 = Release|Any CPU
		{21278C0E-EFE5-43AB-BBEA-5C7DCDF67FC6}.Debug|Any CPU.ActiveCfg = Debug|Any CPU
		{21278C0E-EFE5-43AB-BBEA-5C7DCDF67FC6}.Debug|Any CPU.Build.0 = Debug|Any CPU
		{21278C0E-EFE5-43AB-BBEA-5C7DCDF67FC6}.Release|Any CPU.ActiveCfg = Release|Any CPU
		{21278C0E-EFE5-43AB-BBEA-5C7DCDF67FC6}.Release|Any CPU.Build.0 = Release|Any CPU
		{246D628F-90C0-43E7-A25A-EF88784B9D00}.Debug|Any CPU.ActiveCfg = Debug|Any CPU
		{246D628F-90C0-43E7-A25A-EF88784B9D00}.Debug|Any CPU.Build.0 = Debug|Any CPU
		{246D628F-90C0-43E7-A25A-EF88784B9D00}.Release|Any CPU.ActiveCfg = Release|Any CPU
		{246D628F-90C0-43E7-A25A-EF88784B9D00}.Release|Any CPU.Build.0 = Release|Any CPU
	EndGlobalSection
	GlobalSection(SolutionProperties) = preSolution
		HideSolutionNode = FALSE
	EndGlobalSection
	GlobalSection(ExtensibilityGlobals) = postSolution
		SolutionGuid = {0313D568-027A-416C-8B3A-26795C999887}
	EndGlobalSection
EndGlobal
